
Microsoft Visual Studio Solution File, Format Version 12.00
# Visual Studio 15
VisualStudioVersion = 15.0.28307.852
MinimumVisualStudioVersion = 10.0.40219.1
Project("{FAE04EC0-301F-11D3-BF4B-00C04F79EFBC}") = "FluentApi", "FluentApi\FluentApi.csproj", "{1BFA7A2B-095B-4616-85A2-0292D1FA4D33}"
EndProject
Global
	GlobalSection(SolutionConfigurationPlatforms) = preSolution
		Debug|Any CPU = Debug|Any CPU
		Release|Any CPU = Release|Any CPU
	EndGlobalSection
	GlobalSection(ProjectConfigurationPlatforms) = postSolution
		{1BFA7A2B-095B-4616-85A2-0292D1FA4D33}.Debug|Any CPU.ActiveCfg = Debug|Any CPU
		{1BFA7A2B-095B-4616-85A2-0292D1FA4D33}.Debug|Any CPU.Build.0 = Debug|Any CPU
		{1BFA7A2B-095B-4616-85A2-0292D1FA4D33}.Release|Any CPU.ActiveCfg = Release|Any CPU
		{1BFA7A2B-095B-4616-85A2-0292D1FA4D33}.Release|Any CPU.Build.0 = Release|Any CPU
	EndGlobalSection
	GlobalSection(SolutionProperties) = preSolution
		HideSolutionNode = FALSE
	EndGlobalSection
	GlobalSection(ExtensibilityGlobals) = postSolution
		SolutionGuid = {0F1A5A9F-1346-4FE2-BBBB-67D85D33901E}
	EndGlobalSection
EndGlobal
